
Microsoft Visual Studio Solution File, Format Version 12.00
# Visual Studio Version 16
VisualStudioVersion = 16.0.31019.35
MinimumVisualStudioVersion = 10.0.40219.1
Project("{9A19103F-16F7-4668-BE54-9A1E7A4F7556}") = "AboutMe.API", "AboutMe.API\AboutMe.API.csproj", "{CB258D7A-DD42-4D7F-A269-C71145C39959}"
EndProject
Project("{9A19103F-16F7-4668-BE54-9A1E7A4F7556}") = "AboutMe.Domain", "AboutMe.Domain\AboutMe.Domain.csproj", "{1CB9394E-28CD-40C2-8930-9C76B56D1FF4}"
EndProject
Project("{9A19103F-16F7-4668-BE54-9A1E7A4F7556}") = "AboutMe.Infrastructure", "AboutMe.Infrastructure\AboutMe.Infrastructure.csproj", "{82EA80E7-907B-4783-946C-56BE7A9B0083}"
EndProject
Project("{FAE04EC0-301F-11D3-BF4B-00C04F79EFBC}") = "AboutMe.Presentation", "AboutMe.Presentation\AboutMe.Presentation.csproj", "{5707B1A3-8896-4924-8D3D-690739463CEF}"
EndProject
Global
	GlobalSection(SolutionConfigurationPlatforms) = preSolution
		Debug|Any CPU = Debug|Any CPU
		Release|Any CPU = Release|Any CPU
	EndGlobalSection
	GlobalSection(ProjectConfigurationPlatforms) = postSolution
		{CB258D7A-DD42-4D7F-A269-C71145C39959}.Debug|Any CPU.ActiveCfg = Debug|Any CPU
		{CB258D7A-DD42-4D7F-A269-C71145C39959}.Debug|Any CPU.Build.0 = Debug|Any CPU
		{CB258D7A-DD42-4D7F-A269-C71145C39959}.Release|Any CPU.ActiveCfg = Release|Any CPU
		{CB258D7A-DD42-4D7F-A269-C71145C39959}.Release|Any CPU.Build.0 = Release|Any CPU
		{1CB9394E-28CD-40C2-8930-9C76B56D1FF4}.Debug|Any CPU.ActiveCfg = Debug|Any CPU
		{1CB9394E-28CD-40C2-8930-9C76B56D1FF4}.Debug|Any CPU.Build.0 = Debug|Any CPU
		{1CB9394E-28CD-40C2-8930-9C76B56D1FF4}.Release|Any CPU.ActiveCfg = Release|Any CPU
		{1CB9394E-28CD-40C2-8930-9C76B56D1FF4}.Release|Any CPU.Build.0 = Release|Any CPU
		{82EA80E7-907B-4783-946C-56BE7A9B0083}.Debug|Any CPU.ActiveCfg = Debug|Any CPU
		{82EA80E7-907B-4783-946C-56BE7A9B0083}.Debug|Any CPU.Build.0 = Debug|Any CPU
		{82EA80E7-907B-4783-946C-56BE7A9B0083}.Release|Any CPU.ActiveCfg = Release|Any CPU
		{82EA80E7-907B-4783-946C-56BE7A9B0083}.Release|Any CPU.Build.0 = Release|Any CPU
		{5707B1A3-8896-4924-8D3D-690739463CEF}.Debug|Any CPU.ActiveCfg = Debug|Any CPU
		{5707B1A3-8896-4924-8D3D-690739463CEF}.Debug|Any CPU.Build.0 = Debug|Any CPU
		{5707B1A3-8896-4924-8D3D-690739463CEF}.Release|Any CPU.ActiveCfg = Release|Any CPU
		{5707B1A3-8896-4924-8D3D-690739463CEF}.Release|Any CPU.Build.0 = Release|Any CPU
	EndGlobalSection
	GlobalSection(SolutionProperties) = preSolution
		HideSolutionNode = FALSE
	EndGlobalSection
	GlobalSection(ExtensibilityGlobals) = postSolution
		SolutionGuid = {B26F7E69-558F-427E-91DD-5EDA700842B8}
	EndGlobalSection
EndGlobal
